
Microsoft Visual Studio Solution File, Format Version 12.00
# Visual Studio 14
VisualStudioVersion = 14.0.24720.0
MinimumVisualStudioVersion = 10.0.40219.1
Project("{FAE04EC0-301F-11D3-BF4B-00C04F79EFBC}") = "ConsoleApplication35", "ConsoleApplication35\ConsoleApplication35.csproj", "{E65CC334-5856-4244-8144-C67B0F0707E6}"
EndProject
Global
	GlobalSection(SolutionConfigurationPlatforms) = preSolution
		Debug|Any CPU = Debug|Any CPU
		Release|Any CPU = Release|Any CPU
	EndGlobalSection
	GlobalSection(ProjectConfigurationPlatforms) = postSolution
		{E65CC334-5856-4244-8144-C67B0F0707E6}.Debug|Any CPU.ActiveCfg = Debug|Any CPU
		{E65CC334-5856-4244-8144-C67B0F0707E6}.Debug|Any CPU.Build.0 = Debug|Any CPU
		{E65CC334-5856-4244-8144-C67B0F0707E6}.Release|Any CPU.ActiveCfg = Release|Any CPU
		{E65CC334-5856-4244-8144-C67B0F0707E6}.Release|Any CPU.Build.0 = Release|Any CPU
	EndGlobalSection
	GlobalSection(SolutionProperties) = preSolution
		HideSolutionNode = FALSE
	EndGlobalSection
EndGlobal
